PODS:
  - Alamofire (5.6.1)
  - AlamofireImage (4.2.0):
    - Alamofire (~> 5.4)
  - ProgressHUD (13.6)

DEPENDENCIES:
  - Alamofire
  - AlamofireImage
  - ProgressHUD

SPEC REPOS:
  trunk:
    - Alamofire
    - AlamofireImage
    - ProgressHUD

SPEC CHECKSUMS:
  Alamofire: 87bd8c952f9a4454320fce00d9cc3de57bcadaf5
  AlamofireImage: 34a2d90b0e5fe6a5605f85ae4b7b01e784c60192
  ProgressHUD: 4bdaa0d2ddf676b23324b199f9facffb5c3a1620

PODFILE CHECKSUM: ce3acd3de03aeef7e9f4e36e111c79a82d855102

COCOAPODS: 1.11.3
